
Microsoft Visual Studio Solution File, Format Version 12.00
# Visual Studio Version 16
VisualStudioVersion = 16.0.31515.178
MinimumVisualStudioVersion = 10.0.40219.1
Project("{FAE04EC0-301F-11D3-BF4B-00C04F79EFBC}") = "SeleniumWithCsharp", "SeleniumWithCsharp\SeleniumWithCsharp.csproj", "{99F65858-D170-41BE-BA52-BFA6E15EE8B3}"
EndProject
Global
	GlobalSection(SolutionConfigurationPlatforms) = preSolution
		Debug|Any CPU = Debug|Any CPU
		Release|Any CPU = Release|Any CPU
	EndGlobalSection
	GlobalSection(ProjectConfigurationPlatforms) = postSolution
		{99F65858-D170-41BE-BA52-BFA6E15EE8B3}.Debug|Any CPU.ActiveCfg = Debug|Any CPU
		{99F65858-D170-41BE-BA52-BFA6E15EE8B3}.Debug|Any CPU.Build.0 = Debug|Any CPU
		{99F65858-D170-41BE-BA52-BFA6E15EE8B3}.Release|Any CPU.ActiveCfg = Release|Any CPU
		{99F65858-D170-41BE-BA52-BFA6E15EE8B3}.Release|Any CPU.Build.0 = Release|Any CPU
	EndGlobalSection
	GlobalSection(SolutionProperties) = preSolution
		HideSolutionNode = FALSE
	EndGlobalSection
	GlobalSection(ExtensibilityGlobals) = postSolution
		SolutionGuid = {637EF811-E28C-4F6D-8BF2-522A53E9327C}
	EndGlobalSection
EndGlobal
